// !$*UTF8*$!
{
	archiveVersion = 1;
	classes = {
	};
	objectVersion = 56;
	objects = {

/* Begin PBXBuildFile section */
		8134EF6E2BA74D9A00488BB6 /* ABCInheritance.m in Sources */ = {isa = PBXBuildFile; fileRef = 8134EF6D2BA74D9A00488BB6 /* ABCInheritance.m */; };
		8134EF782BA7525100488BB6 /* XYPoint.m in Sources */ = {isa = PBXBuildFile; fileRef = 8134EF772BA7525100488BB6 /* XYPoint.m */; };
		8134EF7E2BA7561400488BB6 /* Rectangle2.m in Sources */ = {isa = PBXBuildFile; fileRef = 8134EF7D2BA7561400488BB6 /* Rectangle2.m */; };
		8134EF822BA75CE600488BB6 /* GraphicObject.m in Sources */ = {isa = PBXBuildFile; fileRef = 8134EF812BA75CE600488BB6 /* GraphicObject.m */; };
		8134EF842BA75E1E00488BB6 /* Circle.m in Sources */ = {isa = PBXBuildFile; fileRef = 8134EF832BA75E1E00488BB6 /* Circle.m */; };
		8134EF882BA764FF00488BB6 /* Triangle.m in Sources */ = {isa = PBXBuildFile; fileRef = 8134EF872BA764FF00488BB6 /* Triangle.m */; };
		813BD6AC2BA076D800A136D9 /* Triangular.m in Sources */ = {isa = PBXBuildFile; fileRef = 813BD6AB2BA076D800A136D9 /* Triangular.m */; };
		813BD6B02BA0795000A136D9 /* Factorial.m in Sources */ = {isa = PBXBuildFile; fileRef = 813BD6AF2BA0795000A136D9 /* Factorial.m */; };
		813BD6B52BA0814B00A136D9 /* DigitsSum.m in Sources */ = {isa = PBXBuildFile; fileRef = 813BD6B42BA0814B00A136D9 /* DigitsSum.m */; };
		813BD6BD2BA0E3A400A136D9 /* Divisable.m in Sources */ = {isa = PBXBuildFile; fileRef = 813BD6BC2BA0E3A400A136D9 /* Divisable.m */; };
		813BD6C12BA1AF3E00A136D9 /* DigitsToWords.m in Sources */ = {isa = PBXBuildFile; fileRef = 813BD6C02BA1AF3E00A136D9 /* DigitsToWords.m */; };
		896D80792B9C7EC000DA3CFE /* DegreesConverter.m in Sources */ = {isa = PBXBuildFile; fileRef = 896D80782B9C7EC000DA3CFE /* DegreesConverter.m */; };
		896D80822B9C7F6700DA3CFE /* Boat.m in Sources */ = {isa = PBXBuildFile; fileRef = 896D80812B9C7F6700DA3CFE /* Boat.m */; };
		896D80902B9C8A3700DA3CFE /* PolynomialEvaluation.m in Sources */ = {isa = PBXBuildFile; fileRef = 896D808F2B9C8A3700DA3CFE /* PolynomialEvaluation.m */; };
		896D80932B9C8C0F00DA3CFE /* ExpressionEvaluation.m in Sources */ = {isa = PBXBuildFile; fileRef = 896D80922B9C8C0F00DA3CFE /* ExpressionEvaluation.m */; };
		896D809A2B9C8E4F00DA3CFE /* Complex.m in Sources */ = {isa = PBXBuildFile; fileRef = 896D80992B9C8E4F00DA3CFE /* Complex.m */; };
		896D80A02B9C9CA100DA3CFE /* Rectangle.m in Sources */ = {isa = PBXBuildFile; fileRef = 896D809F2B9C9CA100DA3CFE /* Rectangle.m */; };
		896D80A32B9C9ED100DA3CFE /* Calculator.m in Sources */ = {isa = PBXBuildFile; fileRef = 896D80A22B9C9ED100DA3CFE /* Calculator.m */; };
		899EDD5B2B96378E0064D4D8 /* main.m in Sources */ = {isa = PBXBuildFile; fileRef = 899EDD5A2B96378E0064D4D8 /* main.m */; };
		89C16EF32BA1DF4500CF2E4D /* Fraction.m in Sources */ = {isa = PBXBuildFile; fileRef = 89C16EF22BA1DF4500CF2E4D /* Fraction.m */; };
/* End PBXBuildFile section */

/* Begin PBXCopyFilesBuildPhase section */
		899EDD552B96378E0064D4D8 /* CopyFiles */ = {
			isa = PBXCopyFilesBuildPhase;
			buildActionMask = 2147483647;
			dstPath = /usr/share/man/man1/;
			dstSubfolderSpec = 0;
			files = (
			);
			runOnlyForDeploymentPostprocessing = 1;
		};
/* End PBXCopyFilesBuildPhase section */

/* Begin PBXFileReference section */
		8134EF6D2BA74D9A00488BB6 /* ABCInheritance.m */ = {isa = PBXFileReference; lastKnownFileType = sourcecode.c.objc; path = ABCInheritance.m; sourceTree = "<group>"; };
		8134EF702BA74E6900488BB6 /* ClassA.h */ = {isa = PBXFileReference; lastKnownFileType = sourcecode.c.h; path = ClassA.h; sourceTree = "<group>"; };
		8134EF712BA74E7100488BB6 /* ClassB.h */ = {isa = PBXFileReference; lastKnownFileType = sourcecode.c.h; path = ClassB.h; sourceTree = "<group>"; };
		8134EF722BA74E7800488BB6 /* ClassC.h */ = {isa = PBXFileReference; lastKnownFileType = sourcecode.c.h; path = ClassC.h; sourceTree = "<group>"; };
		8134EF732BA7509300488BB6 /* exercises.md */ = {isa = PBXFileReference; lastKnownFileType = net.daringfireball.markdown; path = exercises.md; sourceTree = "<group>"; };
		8134EF762BA751E700488BB6 /* XYPoint.h */ = {isa = PBXFileReference; lastKnownFileType = sourcecode.c.h; path = XYPoint.h; sourceTree = "<group>"; };
		8134EF772BA7525100488BB6 /* XYPoint.m */ = {isa = PBXFileReference; lastKnownFileType = sourcecode.c.objc; path = XYPoint.m; sourceTree = "<group>"; };
		8134EF7B2BA754E200488BB6 /* ClassB2.h */ = {isa = PBXFileReference; lastKnownFileType = sourcecode.c.h; path = ClassB2.h; sourceTree = "<group>"; };
		8134EF7C2BA755CD00488BB6 /* Rectangle2.h */ = {isa = PBXFileReference; lastKnownFileType = sourcecode.c.h; path = Rectangle2.h; sourceTree = "<group>"; };
		8134EF7D2BA7561400488BB6 /* Rectangle2.m */ = {isa = PBXFileReference; lastKnownFileType = sourcecode.c.objc; path = Rectangle2.m; sourceTree = "<group>"; };
		8134EF802BA75C8400488BB6 /* GraphicObject.h */ = {isa = PBXFileReference; lastKnownFileType = sourcecode.c.h; path = GraphicObject.h; sourceTree = "<group>"; };
		8134EF812BA75CE600488BB6 /* GraphicObject.m */ = {isa = PBXFileReference; lastKnownFileType = sourcecode.c.objc; path = GraphicObject.m; sourceTree = "<group>"; };
		8134EF832BA75E1E00488BB6 /* Circle.m */ = {isa = PBXFileReference; lastKnownFileType = sourcecode.c.objc; path = Circle.m; sourceTree = "<group>"; };
		8134EF852BA75E2800488BB6 /* Circle.h */ = {isa = PBXFileReference; lastKnownFileType = sourcecode.c.h; path = Circle.h; sourceTree = "<group>"; };
		8134EF862BA7648400488BB6 /* Triangle.h */ = {isa = PBXFileReference; lastKnownFileType = sourcecode.c.h; path = Triangle.h; sourceTree = "<group>"; };
		8134EF872BA764FF00488BB6 /* Triangle.m */ = {isa = PBXFileReference; lastKnownFileType = sourcecode.c.objc; path = Triangle.m; sourceTree = "<group>"; };
		813BD6A82BA075D300A136D9 /* exercises.md */ = {isa = PBXFileReference; lastKnownFileType = net.daringfireball.markdown; path = exercises.md; sourceTree = "<group>"; };
		813BD6A92BA076BA00A136D9 /* Triangular.h */ = {isa = PBXFileReference; lastKnownFileType = sourcecode.c.h; path = Triangular.h; sourceTree = "<group>"; };
		813BD6AB2BA076D800A136D9 /* Triangular.m */ = {isa = PBXFileReference; lastKnownFileType = sourcecode.c.objc; path = Triangular.m; sourceTree = "<group>"; };
		813BD6AE2BA078D400A136D9 /* Factorial.h */ = {isa = PBXFileReference; lastKnownFileType = sourcecode.c.h; path = Factorial.h; sourceTree = "<group>"; };
		813BD6AF2BA0795000A136D9 /* Factorial.m */ = {isa = PBXFileReference; lastKnownFileType = sourcecode.c.objc; path = Factorial.m; sourceTree = "<group>"; };
		813BD6B42BA0814B00A136D9 /* DigitsSum.m */ = {isa = PBXFileReference; lastKnownFileType = sourcecode.c.objc; path = DigitsSum.m; sourceTree = "<group>"; };
		813BD6B62BA0815A00A136D9 /* DigitsSum.h */ = {isa = PBXFileReference; lastKnownFileType = sourcecode.c.h; path = DigitsSum.h; sourceTree = "<group>"; };
		813BD6BB2BA0E37200A136D9 /* Divisable.h */ = {isa = PBXFileReference; lastKnownFileType = sourcecode.c.h; path = Divisable.h; sourceTree = "<group>"; };
		813BD6BC2BA0E3A400A136D9 /* Divisable.m */ = {isa = PBXFileReference; lastKnownFileType = sourcecode.c.objc; path = Divisable.m; sourceTree = "<group>"; };
		813BD6BE2BA0E86700A136D9 /* exercises.md */ = {isa = PBXFileReference; lastKnownFileType = net.daringfireball.markdown; path = exercises.md; sourceTree = "<group>"; };
		813BD6C02BA1AF3E00A136D9 /* DigitsToWords.m */ = {isa = PBXFileReference; lastKnownFileType = sourcecode.c.objc; path = DigitsToWords.m; sourceTree = "<group>"; };
		813BD6C22BA1AF4A00A136D9 /* DigitsToWords.h */ = {isa = PBXFileReference; lastKnownFileType = sourcecode.c.h; path = DigitsToWords.h; sourceTree = "<group>"; };
		894649C42BAC764B00FD25B5 /* exercises.md */ = {isa = PBXFileReference; lastKnownFileType = net.daringfireball.markdown; path = exercises.md; sourceTree = "<group>"; };
		896D80742B9C7E0A00DA3CFE /* DegreesConverter.h */ = {isa = PBXFileReference; lastKnownFileType = sourcecode.c.h; path = DegreesConverter.h; sourceTree = "<group>"; };
		896D80782B9C7EC000DA3CFE /* DegreesConverter.m */ = {isa = PBXFileReference; lastKnownFileType = sourcecode.c.objc; path = DegreesConverter.m; sourceTree = "<group>"; };
		896D80812B9C7F6700DA3CFE /* Boat.m */ = {isa = PBXFileReference; lastKnownFileType = sourcecode.c.objc; path = Boat.m; sourceTree = "<group>"; };
		896D80832B9C7F7000DA3CFE /* Boat.h */ = {isa = PBXFileReference; lastKnownFileType = sourcecode.c.h; path = Boat.h; sourceTree = "<group>"; };
		896D808A2B9C863D00DA3CFE /* basic_data_types.png */ = {isa = PBXFileReference; lastKnownFileType = image.png; path = basic_data_types.png; sourceTree = "<group>"; };
		896D808B2B9C882400DA3CFE /* exercises.md */ = {isa = PBXFileReference; lastKnownFileType = net.daringfireball.markdown; path = exercises.md; sourceTree = "<group>"; };
		896D808E2B9C8A2800DA3CFE /* PolynomialEvaluation.h */ = {isa = PBXFileReference; lastKnownFileType = sourcecode.c.h; path = PolynomialEvaluation.h; sourceTree = "<group>"; };
		896D808F2B9C8A3700DA3CFE /* PolynomialEvaluation.m */ = {isa = PBXFileReference; lastKnownFileType = sourcecode.c.objc; path = PolynomialEvaluation.m; sourceTree = "<group>"; };
		896D80922B9C8C0F00DA3CFE /* ExpressionEvaluation.m */ = {isa = PBXFileReference; lastKnownFileType = sourcecode.c.objc; path = ExpressionEvaluation.m; sourceTree = "<group>"; };
		896D80942B9C8C1A00DA3CFE /* ExpressionEvaluation.h */ = {isa = PBXFileReference; lastKnownFileType = sourcecode.c.h; path = ExpressionEvaluation.h; sourceTree = "<group>"; };
		896D80992B9C8E4F00DA3CFE /* Complex.m */ = {isa = PBXFileReference; lastKnownFileType = sourcecode.c.objc; path = Complex.m; sourceTree = "<group>"; };
		896D809B2B9C8E5700DA3CFE /* Complex.h */ = {isa = PBXFileReference; lastKnownFileType = sourcecode.c.h; path = Complex.h; sourceTree = "<group>"; };
		896D809E2B9C9C8C00DA3CFE /* Rectangle.h */ = {isa = PBXFileReference; lastKnownFileType = sourcecode.c.h; path = Rectangle.h; sourceTree = "<group>"; };
		896D809F2B9C9CA100DA3CFE /* Rectangle.m */ = {isa = PBXFileReference; lastKnownFileType = sourcecode.c.objc; path = Rectangle.m; sourceTree = "<group>"; };
		896D80A22B9C9ED100DA3CFE /* Calculator.m */ = {isa = PBXFileReference; lastKnownFileType = sourcecode.c.objc; path = Calculator.m; sourceTree = "<group>"; };
		896D80A42B9C9EDC00DA3CFE /* Calculator.h */ = {isa = PBXFileReference; lastKnownFileType = sourcecode.c.h; path = Calculator.h; sourceTree = "<group>"; };
		8976C8402BAC86A000087081 /* methods_for_working_with_dynamic_types.png */ = {isa = PBXFileReference; lastKnownFileType = image.png; path = methods_for_working_with_dynamic_types.png; sourceTree = "<group>"; };
		899EDD572B96378E0064D4D8 /* HelloWorld */ = {isa = PBXFileReference; explicitFileType = "compiled.mach-o.executable"; includeInIndex = 0; path = HelloWorld; sourceTree = BUILT_PRODUCTS_DIR; };
		899EDD5A2B96378E0064D4D8 /* main.m */ = {isa = PBXFileReference; lastKnownFileType = sourcecode.c.objc; path = main.m; sourceTree = "<group>"; };
		89C16EEC2BA1DE2300CF2E4D /* exercises.md */ = {isa = PBXFileReference; lastKnownFileType = net.daringfireball.markdown; path = exercises.md; sourceTree = "<group>"; };
		89C16EF22BA1DF4500CF2E4D /* Fraction.m */ = {isa = PBXFileReference; lastKnownFileType = sourcecode.c.objc; path = Fraction.m; sourceTree = "<group>"; };
		89C16EF42BA1DF4D00CF2E4D /* Fraction.h */ = {isa = PBXFileReference; lastKnownFileType = sourcecode.c.h; path = Fraction.h; sourceTree = "<group>"; };
/* End PBXFileReference section */

/* Begin PBXFrameworksBuildPhase section */
		899EDD542B96378E0064D4D8 /* Frameworks */ = {
			isa = PBXFrameworksBuildPhase;
			buildActionMask = 2147483647;
			files = (
			);
			runOnlyForDeploymentPostprocessing = 0;
		};
/* End PBXFrameworksBuildPhase section */

/* Begin PBXGroup section */
		8134EF6C2BA74D5100488BB6 /* inheritance */ = {
			isa = PBXGroup;
			children = (
				8134EF7F2BA75B8500488BB6 /* graphic_object */,
				8134EF742BA751A500488BB6 /* floating_points */,
				8134EF6F2BA74E5100488BB6 /* abc */,
				8134EF732BA7509300488BB6 /* exercises.md */,
			);
			path = inheritance;
			sourceTree = "<group>";
		};
		8134EF6F2BA74E5100488BB6 /* abc */ = {
			isa = PBXGroup;
			children = (
				8134EF702BA74E6900488BB6 /* ClassA.h */,
				8134EF712BA74E7100488BB6 /* ClassB.h */,
				8134EF7B2BA754E200488BB6 /* ClassB2.h */,
				8134EF722BA74E7800488BB6 /* ClassC.h */,
				8134EF6D2BA74D9A00488BB6 /* ABCInheritance.m */,
			);
			path = abc;
			sourceTree = "<group>";
		};
		8134EF742BA751A500488BB6 /* floating_points */ = {
			isa = PBXGroup;
			children = (
				8134EF7C2BA755CD00488BB6 /* Rectangle2.h */,
				8134EF762BA751E700488BB6 /* XYPoint.h */,
				8134EF772BA7525100488BB6 /* XYPoint.m */,
				8134EF7D2BA7561400488BB6 /* Rectangle2.m */,
			);
			path = floating_points;
			sourceTree = "<group>";
		};
		8134EF7F2BA75B8500488BB6 /* graphic_object */ = {
			isa = PBXGroup;
			children = (
				8134EF802BA75C8400488BB6 /* GraphicObject.h */,
				8134EF852BA75E2800488BB6 /* Circle.h */,
				8134EF862BA7648400488BB6 /* Triangle.h */,
				8134EF812BA75CE600488BB6 /* GraphicObject.m */,
				8134EF832BA75E1E00488BB6 /* Circle.m */,
				8134EF872BA764FF00488BB6 /* Triangle.m */,
			);
			path = graphic_object;
			sourceTree = "<group>";
		};
		813BD6A72B9F5FE000A136D9 /* program_looping */ = {
			isa = PBXGroup;
			children = (
				813BD6B12BA0811B00A136D9 /* digits_sum */,
				813BD6AD2BA078B600A136D9 /* factorial */,
				813BD6AA2BA076BE00A136D9 /* triangular_number */,
				813BD6A82BA075D300A136D9 /* exercises.md */,
			);
			path = program_looping;
			sourceTree = "<group>";
		};
		813BD6AA2BA076BE00A136D9 /* triangular_number */ = {
			isa = PBXGroup;
			children = (
				813BD6A92BA076BA00A136D9 /* Triangular.h */,
				813BD6AB2BA076D800A136D9 /* Triangular.m */,
			);
			path = triangular_number;
			sourceTree = "<group>";
		};
		813BD6AD2BA078B600A136D9 /* factorial */ = {
			isa = PBXGroup;
			children = (
				813BD6AE2BA078D400A136D9 /* Factorial.h */,
				813BD6AF2BA0795000A136D9 /* Factorial.m */,
			);
			path = factorial;
			sourceTree = "<group>";
		};
		813BD6B12BA0811B00A136D9 /* digits_sum */ = {
			isa = PBXGroup;
			children = (
				813BD6B42BA0814B00A136D9 /* DigitsSum.m */,
				813BD6B62BA0815A00A136D9 /* DigitsSum.h */,
			);
			path = digits_sum;
			sourceTree = "<group>";
		};
		813BD6B72BA0E30600A136D9 /* making_decisions */ = {
			isa = PBXGroup;
			children = (
				813BD6BF2BA1AF1800A136D9 /* digits_to_words */,
				813BD6BA2BA0E36000A136D9 /* divisable */,
				813BD6BE2BA0E86700A136D9 /* exercises.md */,
			);
			path = making_decisions;
			sourceTree = "<group>";
		};
		813BD6BA2BA0E36000A136D9 /* divisable */ = {
			isa = PBXGroup;
			children = (
				813BD6BB2BA0E37200A136D9 /* Divisable.h */,
				813BD6BC2BA0E3A400A136D9 /* Divisable.m */,
			);
			path = divisable;
			sourceTree = "<group>";
		};
		813BD6BF2BA1AF1800A136D9 /* digits_to_words */ = {
			isa = PBXGroup;
			children = (
				813BD6C02BA1AF3E00A136D9 /* DigitsToWords.m */,
				813BD6C22BA1AF4A00A136D9 /* DigitsToWords.h */,
			);
			path = digits_to_words;
			sourceTree = "<group>";
		};
		894649C32BAC761B00FD25B5 /* polymorphism_and_dynamic_typing */ = {
			isa = PBXGroup;
			children = (
				8976C83F2BAC867800087081 /* resources */,
				894649C42BAC764B00FD25B5 /* exercises.md */,
			);
			path = polymorphism_and_dynamic_typing;
			sourceTree = "<group>";
		};
		896D80772B9C7E8800DA3CFE /* data_types_and_expressions */ = {
			isa = PBXGroup;
			children = (
				896D80A12B9C9EA500DA3CFE /* calculator */,
				896D809D2B9C9C8200DA3CFE /* rectangle */,
				896D80952B9C8E0300DA3CFE /* complex */,
				896D80912B9C8BF600DA3CFE /* expression_evaluation */,
				896D808D2B9C89CA00DA3CFE /* polynomial_evaluation */,
				896D80842B9C80F000DA3CFE /* degrees_converter */,
				896D808C2B9C892200DA3CFE /* resources */,
				896D808B2B9C882400DA3CFE /* exercises.md */,
			);
			path = data_types_and_expressions;
			sourceTree = "<group>";
		};
		896D807A2B9C7EF500DA3CFE /* classes_objects_and_methods */ = {
			isa = PBXGroup;
			children = (
				896D80832B9C7F7000DA3CFE /* Boat.h */,
				896D80812B9C7F6700DA3CFE /* Boat.m */,
			);
			path = classes_objects_and_methods;
			sourceTree = "<group>";
		};
		896D80842B9C80F000DA3CFE /* degrees_converter */ = {
			isa = PBXGroup;
			children = (
				896D80742B9C7E0A00DA3CFE /* DegreesConverter.h */,
				896D80782B9C7EC000DA3CFE /* DegreesConverter.m */,
			);
			path = degrees_converter;
			sourceTree = "<group>";
		};
		896D808C2B9C892200DA3CFE /* resources */ = {
			isa = PBXGroup;
			children = (
				896D808A2B9C863D00DA3CFE /* basic_data_types.png */,
			);
			path = resources;
			sourceTree = "<group>";
		};
		896D808D2B9C89CA00DA3CFE /* polynomial_evaluation */ = {
			isa = PBXGroup;
			children = (
				896D808E2B9C8A2800DA3CFE /* PolynomialEvaluation.h */,
				896D808F2B9C8A3700DA3CFE /* PolynomialEvaluation.m */,
			);
			path = polynomial_evaluation;
			sourceTree = "<group>";
		};
		896D80912B9C8BF600DA3CFE /* expression_evaluation */ = {
			isa = PBXGroup;
			children = (
				896D80942B9C8C1A00DA3CFE /* ExpressionEvaluation.h */,
				896D80922B9C8C0F00DA3CFE /* ExpressionEvaluation.m */,
			);
			path = expression_evaluation;
			sourceTree = "<group>";
		};
		896D80952B9C8E0300DA3CFE /* complex */ = {
			isa = PBXGroup;
			children = (
				896D809B2B9C8E5700DA3CFE /* Complex.h */,
				896D80992B9C8E4F00DA3CFE /* Complex.m */,
			);
			path = complex;
			sourceTree = "<group>";
		};
		896D809D2B9C9C8200DA3CFE /* rectangle */ = {
			isa = PBXGroup;
			children = (
				896D809E2B9C9C8C00DA3CFE /* Rectangle.h */,
				896D809F2B9C9CA100DA3CFE /* Rectangle.m */,
			);
			path = rectangle;
			sourceTree = "<group>";
		};
		896D80A12B9C9EA500DA3CFE /* calculator */ = {
			isa = PBXGroup;
			children = (
				896D80A42B9C9EDC00DA3CFE /* Calculator.h */,
				896D80A22B9C9ED100DA3CFE /* Calculator.m */,
			);
			path = calculator;
			sourceTree = "<group>";
		};
		8976C83F2BAC867800087081 /* resources */ = {
			isa = PBXGroup;
			children = (
				8976C8402BAC86A000087081 /* methods_for_working_with_dynamic_types.png */,
			);
			path = resources;
			sourceTree = "<group>";
		};
		899EDD4E2B96378E0064D4D8 = {
			isa = PBXGroup;
			children = (
				899EDD592B96378E0064D4D8 /* HelloWorld */,
				899EDD582B96378E0064D4D8 /* Products */,
			);
			sourceTree = "<group>";
		};
		899EDD582B96378E0064D4D8 /* Products */ = {
			isa = PBXGroup;
			children = (
				899EDD572B96378E0064D4D8 /* HelloWorld */,
			);
			name = Products;
			sourceTree = "<group>";
		};
		899EDD592B96378E0064D4D8 /* HelloWorld */ = {
			isa = PBXGroup;
			children = (
				896D807A2B9C7EF500DA3CFE /* classes_objects_and_methods */,
				896D80772B9C7E8800DA3CFE /* data_types_and_expressions */,
				813BD6A72B9F5FE000A136D9 /* program_looping */,
				813BD6B72BA0E30600A136D9 /* making_decisions */,
				89C16EED2BA1DEA100CF2E4D /* more_on_classes */,
				8134EF6C2BA74D5100488BB6 /* inheritance */,
				894649C32BAC761B00FD25B5 /* polymorphism_and_dynamic_typing */,
				899EDD5A2B96378E0064D4D8 /* main.m */,
			);
			path = HelloWorld;
			sourceTree = "<group>";
		};
		89C16EED2BA1DEA100CF2E4D /* more_on_classes */ = {
			isa = PBXGroup;
			children = (
				89C16EEE2BA1DF1800CF2E4D /* fraction */,
				89C16EEC2BA1DE2300CF2E4D /* exercises.md */,
			);
			path = more_on_classes;
			sourceTree = "<group>";
		};
		89C16EEE2BA1DF1800CF2E4D /* fraction */ = {
			isa = PBXGroup;
			children = (
				89C16EF22BA1DF4500CF2E4D /* Fraction.m */,
				89C16EF42BA1DF4D00CF2E4D /* Fraction.h */,
			);
			path = fraction;
			sourceTree = "<group>";
		};
/* End PBXGroup section */

/* Begin PBXNativeTarget section */
		899EDD562B96378E0064D4D8 /* HelloWorld */ = {
			isa = PBXNativeTarget;
			buildConfigurationList = 899EDD5E2B96378E0064D4D8 /* Build configuration list for PBXNativeTarget "HelloWorld" */;
			buildPhases = (
				899EDD532B96378E0064D4D8 /* Sources */,
				899EDD542B96378E0064D4D8 /* Frameworks */,
				899EDD552B96378E0064D4D8 /* CopyFiles */,
			);
			buildRules = (
			);
			dependencies = (
			);
			name = HelloWorld;
			productName = HelloWorld;
			productReference = 899EDD572B96378E0064D4D8 /* HelloWorld */;
			productType = "com.apple.product-type.tool";
		};
/* End PBXNativeTarget section */

/* Begin PBXProject section */
		899EDD4F2B96378E0064D4D8 /* Project object */ = {
			isa = PBXProject;
			attributes = {
				BuildIndependentTargetsInParallel = 1;
				LastUpgradeCheck = 1430;
				TargetAttributes = {
					899EDD562B96378E0064D4D8 = {
						CreatedOnToolsVersion = 14.3.1;
					};
				};
			};
			buildConfigurationList = 899EDD522B96378E0064D4D8 /* Build configuration list for PBXProject "HelloWorld" */;
			compatibilityVersion = "Xcode 14.0";
			developmentRegion = en;
			hasScannedForEncodings = 0;
			knownRegions = (
				en,
				Base,
			);
			mainGroup = 899EDD4E2B96378E0064D4D8;
			productRefGroup = 899EDD582B96378E0064D4D8 /* Products */;
			projectDirPath = "";
			projectRoot = "";
			targets = (
				899EDD562B96378E0064D4D8 /* HelloWorld */,
			);
		};
/* End PBXProject section */

/* Begin PBXSourcesBuildPhase section */
		899EDD532B96378E0064D4D8 /* Sources */ = {
			isa = PBXSourcesBuildPhase;
			buildActionMask = 2147483647;
			files = (
				899EDD5B2B96378E0064D4D8 /* main.m in Sources */,
				896D80A32B9C9ED100DA3CFE /* Calculator.m in Sources */,
				896D80A02B9C9CA100DA3CFE /* Rectangle.m in Sources */,
				896D80902B9C8A3700DA3CFE /* PolynomialEvaluation.m in Sources */,
				896D80792B9C7EC000DA3CFE /* DegreesConverter.m in Sources */,
				8134EF822BA75CE600488BB6 /* GraphicObject.m in Sources */,
				896D80822B9C7F6700DA3CFE /* Boat.m in Sources */,
				896D809A2B9C8E4F00DA3CFE /* Complex.m in Sources */,
				89C16EF32BA1DF4500CF2E4D /* Fraction.m in Sources */,
				8134EF842BA75E1E00488BB6 /* Circle.m in Sources */,
				813BD6B52BA0814B00A136D9 /* DigitsSum.m in Sources */,
				8134EF6E2BA74D9A00488BB6 /* ABCInheritance.m in Sources */,
				8134EF7E2BA7561400488BB6 /* Rectangle2.m in Sources */,
				813BD6AC2BA076D800A136D9 /* Triangular.m in Sources */,
				813BD6BD2BA0E3A400A136D9 /* Divisable.m in Sources */,
				8134EF882BA764FF00488BB6 /* Triangle.m in Sources */,
				896D80932B9C8C0F00DA3CFE /* ExpressionEvaluation.m in Sources */,
				813BD6B02BA0795000A136D9 /* Factorial.m in Sources */,
				813BD6C12BA1AF3E00A136D9 /* DigitsToWords.m in Sources */,
				8134EF782BA7525100488BB6 /* XYPoint.m in Sources */,
			);
			runOnlyForDeploymentPostprocessing = 0;
		};
/* End PBXSourcesBuildPhase section */

/* Begin XCBuildConfiguration section */
		899EDD5C2B96378E0064D4D8 /* Debug */ = {
			isa = XCBuildConfiguration;
			buildSettings = {
				ALWAYS_SEARCH_USER_PATHS = NO;
				CLANG_ANALYZER_NONNULL = YES;
				CLANG_ANALYZER_NUMBER_OBJECT_CONVERSION = YES_AGGRESSIVE;
				CLANG_CXX_LANGUAGE_STANDARD = "gnu++20";
				CLANG_ENABLE_MODULES = YES;
				CLANG_ENABLE_OBJC_ARC = YES;
				CLANG_ENABLE_OBJC_WEAK = YES;
				CLANG_WARN_BLOCK_CAPTURE_AUTORELEASING = YES;
				CLANG_WARN_BOOL_CONVERSION = YES;
				CLANG_WARN_COMMA = YES;
				CLANG_WARN_CONSTANT_CONVERSION = YES;
				CLANG_WARN_DEPRECATED_OBJC_IMPLEMENTATIONS = YES;
				CLANG_WARN_DIRECT_OBJC_ISA_USAGE = YES_ERROR;
				CLANG_WARN_DOCUMENTATION_COMMENTS = YES;
				CLANG_WARN_EMPTY_BODY = YES;
				CLANG_WARN_ENUM_CONVERSION = YES;
				CLANG_WARN_INFINITE_RECURSION = YES;
				CLANG_WARN_INT_CONVERSION = YES;
				CLANG_WARN_NON_LITERAL_NULL_CONVERSION = YES;
				CLANG_WARN_OBJC_IMPLICIT_RETAIN_SELF = YES;
				CLANG_WARN_OBJC_LITERAL_CONVERSION = YES;
				CLANG_WARN_OBJC_ROOT_CLASS = YES_ERROR;
				CLANG_WARN_QUOTED_INCLUDE_IN_FRAMEWORK_HEADER = YES;
				CLANG_WARN_RANGE_LOOP_ANALYSIS = YES;
				CLANG_WARN_STRICT_PROTOTYPES = YES;
				CLANG_WARN_SUSPICIOUS_MOVE = YES;
				CLANG_WARN_UNGUARDED_AVAILABILITY = YES_AGGRESSIVE;
				CLANG_WARN_UNREACHABLE_CODE = YES;
				CLANG_WARN__DUPLICATE_METHOD_MATCH = YES;
				COPY_PHASE_STRIP = NO;
				DEBUG_INFORMATION_FORMAT = dwarf;
				ENABLE_STRICT_OBJC_MSGSEND = YES;
				ENABLE_TESTABILITY = YES;
				GCC_C_LANGUAGE_STANDARD = gnu11;
				GCC_DYNAMIC_NO_PIC = NO;
				GCC_NO_COMMON_BLOCKS = YES;
				GCC_OPTIMIZATION_LEVEL = 0;
				GCC_PREPROCESSOR_DEFINITIONS = (
					"DEBUG=1",
					"$(inherited)",
				);
				GCC_WARN_64_TO_32_BIT_CONVERSION = YES;
				GCC_WARN_ABOUT_RETURN_TYPE = YES_ERROR;
				GCC_WARN_UNDECLARED_SELECTOR = YES;
				GCC_WARN_UNINITIALIZED_AUTOS = YES_AGGRESSIVE;
				GCC_WARN_UNUSED_FUNCTION = YES;
				GCC_WARN_UNUSED_VARIABLE = YES;
				MACOSX_DEPLOYMENT_TARGET = 13.3;
				MTL_ENABLE_DEBUG_INFO = INCLUDE_SOURCE;
				MTL_FAST_MATH = YES;
				ONLY_ACTIVE_ARCH = YES;
				SDKROOT = macosx;
			};
			name = Debug;
		};
		899EDD5D2B96378E0064D4D8 /* Release */ = {
			isa = XCBuildConfiguration;
			buildSettings = {
				ALWAYS_SEARCH_USER_PATHS = NO;
				CLANG_ANALYZER_NONNULL = YES;
				CLANG_ANALYZER_NUMBER_OBJECT_CONVERSION = YES_AGGRESSIVE;
				CLANG_CXX_LANGUAGE_STANDARD = "gnu++20";
				CLANG_ENABLE_MODULES = YES;
				CLANG_ENABLE_OBJC_ARC = YES;
				CLANG_ENABLE_OBJC_WEAK = YES;
				CLANG_WARN_BLOCK_CAPTURE_AUTORELEASING = YES;
				CLANG_WARN_BOOL_CONVERSION = YES;
				CLANG_WARN_COMMA = YES;
				CLANG_WARN_CONSTANT_CONVERSION = YES;
				CLANG_WARN_DEPRECATED_OBJC_IMPLEMENTATIONS = YES;
				CLANG_WARN_DIRECT_OBJC_ISA_USAGE = YES_ERROR;
				CLANG_WARN_DOCUMENTATION_COMMENTS = YES;
				CLANG_WARN_EMPTY_BODY = YES;
				CLANG_WARN_ENUM_CONVERSION = YES;
				CLANG_WARN_INFINITE_RECURSION = YES;
				CLANG_WARN_INT_CONVERSION = YES;
				CLANG_WARN_NON_LITERAL_NULL_CONVERSION = YES;
				CLANG_WARN_OBJC_IMPLICIT_RETAIN_SELF = YES;
				CLANG_WARN_OBJC_LITERAL_CONVERSION = YES;
				CLANG_WARN_OBJC_ROOT_CLASS = YES_ERROR;
				CLANG_WARN_QUOTED_INCLUDE_IN_FRAMEWORK_HEADER = YES;
				CLANG_WARN_RANGE_LOOP_ANALYSIS = YES;
				CLANG_WARN_STRICT_PROTOTYPES = YES;
				CLANG_WARN_SUSPICIOUS_MOVE = YES;
				CLANG_WARN_UNGUARDED_AVAILABILITY = YES_AGGRESSIVE;
				CLANG_WARN_UNREACHABLE_CODE = YES;
				CLANG_WARN__DUPLICATE_METHOD_MATCH = YES;
				COPY_PHASE_STRIP = NO;
				DEBUG_INFORMATION_FORMAT = "dwarf-with-dsym";
				ENABLE_NS_ASSERTIONS = NO;
				ENABLE_STRICT_OBJC_MSGSEND = YES;
				GCC_C_LANGUAGE_STANDARD = gnu11;
				GCC_NO_COMMON_BLOCKS = YES;
				GCC_WARN_64_TO_32_BIT_CONVERSION = YES;
				GCC_WARN_ABOUT_RETURN_TYPE = YES_ERROR;
				GCC_WARN_UNDECLARED_SELECTOR = YES;
				GCC_WARN_UNINITIALIZED_AUTOS = YES_AGGRESSIVE;
				GCC_WARN_UNUSED_FUNCTION = YES;
				GCC_WARN_UNUSED_VARIABLE = YES;
				MACOSX_DEPLOYMENT_TARGET = 13.3;
				MTL_ENABLE_DEBUG_INFO = NO;
				MTL_FAST_MATH = YES;
				SDKROOT = macosx;
			};
			name = Release;
		};
		899EDD5F2B96378E0064D4D8 /* Debug */ = {
			isa = XCBuildConfiguration;
			buildSettings = {
				CODE_SIGN_STYLE = Automatic;
				DEVELOPMENT_TEAM = 494LQZG8F8;
				ENABLE_HARDENED_RUNTIME = YES;
				PRODUCT_NAME = "$(TARGET_NAME)";
			};
			name = Debug;
		};
		899EDD602B96378E0064D4D8 /* Release */ = {
			isa = XCBuildConfiguration;
			buildSettings = {
				CODE_SIGN_STYLE = Automatic;
				DEVELOPMENT_TEAM = 494LQZG8F8;
				ENABLE_HARDENED_RUNTIME = YES;
				PRODUCT_NAME = "$(TARGET_NAME)";
			};
			name = Release;
		};
/* End XCBuildConfiguration section */

/* Begin XCConfigurationList section */
		899EDD522B96378E0064D4D8 /* Build configuration list for PBXProject "HelloWorld" */ = {
			isa = XCConfigurationList;
			buildConfigurations = (
				899EDD5C2B96378E0064D4D8 /* Debug */,
				899EDD5D2B96378E0064D4D8 /* Release */,
			);
			defaultConfigurationIsVisible = 0;
			defaultConfigurationName = Release;
		};
		899EDD5E2B96378E0064D4D8 /* Build configuration list for PBXNativeTarget "HelloWorld" */ = {
			isa = XCConfigurationList;
			buildConfigurations = (
				899EDD5F2B96378E0064D4D8 /* Debug */,
				899EDD602B96378E0064D4D8 /* Release */,
			);
			defaultConfigurationIsVisible = 0;
			defaultConfigurationName = Release;
		};
/* End XCConfigurationList section */
	};
	rootObject = 899EDD4F2B96378E0064D4D8 /* Project object */;
}
